
Microsoft Visual Studio Solution File, Format Version 12.00
# Visual Studio 14
VisualStudioVersion = 14.0.25420.1
MinimumVisualStudioVersion = 10.0.40219.1
Project("{FAE04EC0-301F-11D3-BF4B-00C04F79EFBC}") = "DataStructuresAndAlgorithm", "DataStructuresAndAlgorithm\DataStructuresAndAlgorithm.csproj", "{9BCD070A-72CB-475E-A61F-8151A1F89386}"
EndProject
Project("{FAE04EC0-301F-11D3-BF4B-00C04F79EFBC}") = "Chick", "Chick\Chick.csproj", "{B2F4BD30-1B68-48A1-AE54-663D7F73BBB0}"
EndProject
Project("{FAE04EC0-301F-11D3-BF4B-00C04F79EFBC}") = "ArtificialIntelligence", "ArtificialIntelligence\ArtificialIntelligence.csproj", "{4A5073BA-1F96-4149-B858-57DAF8337D77}"
EndProject
Project("{FAE04EC0-301F-11D3-BF4B-00C04F79EFBC}") = "PlayingCard", "PlayingCard\PlayingCard.csproj", "{A0B16CB8-2048-43E2-9B3C-FCD3C69035AA}"
EndProject
Global
	GlobalSection(SolutionConfigurationPlatforms) = preSolution
		Debug|Any CPU = Debug|Any CPU
		Release|Any CPU = Release|Any CPU
	EndGlobalSection
	GlobalSection(ProjectConfigurationPlatforms) = postSolution
		{9BCD070A-72CB-475E-A61F-8151A1F89386}.Debug|Any CPU.ActiveCfg = Debug|Any CPU
		{9BCD070A-72CB-475E-A61F-8151A1F89386}.Debug|Any CPU.Build.0 = Debug|Any CPU
		{9BCD070A-72CB-475E-A61F-8151A1F89386}.Release|Any CPU.ActiveCfg = Release|Any CPU
		{9BCD070A-72CB-475E-A61F-8151A1F89386}.Release|Any CPU.Build.0 = Release|Any CPU
		{B2F4BD30-1B68-48A1-AE54-663D7F73BBB0}.Debug|Any CPU.ActiveCfg = Debug|Any CPU
		{B2F4BD30-1B68-48A1-AE54-663D7F73BBB0}.Debug|Any CPU.Build.0 = Debug|Any CPU
		{B2F4BD30-1B68-48A1-AE54-663D7F73BBB0}.Release|Any CPU.ActiveCfg = Release|Any CPU
		{B2F4BD30-1B68-48A1-AE54-663D7F73BBB0}.Release|Any CPU.Build.0 = Release|Any CPU
		{4A5073BA-1F96-4149-B858-57DAF8337D77}.Debug|Any CPU.ActiveCfg = Debug|Any CPU
		{4A5073BA-1F96-4149-B858-57DAF8337D77}.Debug|Any CPU.Build.0 = Debug|Any CPU
		{4A5073BA-1F96-4149-B858-57DAF8337D77}.Release|Any CPU.ActiveCfg = Release|Any CPU
		{4A5073BA-1F96-4149-B858-57DAF8337D77}.Release|Any CPU.Build.0 = Release|Any CPU
		{A0B16CB8-2048-43E2-9B3C-FCD3C69035AA}.Debug|Any CPU.ActiveCfg = Debug|Any CPU
		{A0B16CB8-2048-43E2-9B3C-FCD3C69035AA}.Debug|Any CPU.Build.0 = Debug|Any CPU
		{A0B16CB8-2048-43E2-9B3C-FCD3C69035AA}.Release|Any CPU.ActiveCfg = Release|Any CPU
		{A0B16CB8-2048-43E2-9B3C-FCD3C69035AA}.Release|Any CPU.Build.0 = Release|Any CPU
	EndGlobalSection
	GlobalSection(SolutionProperties) = preSolution
		HideSolutionNode = FALSE
	EndGlobalSection
EndGlobal
